{
  "name": "static",
  "version": "1.0.0",
  "lockfileVersion": 1,
  "requires": true,
  "dependencies": {
    "htl": {
      "version": "0.3.1",
      "resolved": "https://registry.npmjs.org/htl/-/htl-0.3.1.tgz",
      "integrity": "sha512-1LBtd+XhSc+++jpOOt0lCcEycXs/zTQSupOISnVAUmvGBpV7DH+C2M6hwV7zWYfpTMMg9ch4NO0lHiOTAMHdVA=="
    }
  }
}
